
Microsoft Visual Studio Solution File, Format Version 12.00
# Visual Studio Version 17
VisualStudioVersion = 17.7.34221.43
MinimumVisualStudioVersion = 10.0.40219.1
Project("{FAE04EC0-301F-11D3-BF4B-00C04F79EFBC}") = "BookManagementAPI", "BookManagementAPI\BookManagementAPI.csproj", "{673D7817-2303-4A9C-8BBB-17561487AB89}"
EndProject
Project("{FAE04EC0-301F-11D3-BF4B-00C04F79EFBC}") = "BookManagementAPITests", "BookManagementAPITests\BookManagementAPITests.csproj", "{9CA9C6ED-6FC0-4CAB-ABA0-80FE6AAC279F}"
EndProject
Global
	GlobalSection(SolutionConfigurationPlatforms) = preSolution
		Debug|Any CPU = Debug|Any CPU
		Release|Any CPU = Release|Any CPU
	EndGlobalSection
	GlobalSection(ProjectConfigurationPlatforms) = postSolution
		{673D7817-2303-4A9C-8BBB-17561487AB89}.Debug|Any CPU.ActiveCfg = Debug|Any CPU
		{673D7817-2303-4A9C-8BBB-17561487AB89}.Debug|Any CPU.Build.0 = Debug|Any CPU
		{673D7817-2303-4A9C-8BBB-17561487AB89}.Release|Any CPU.ActiveCfg = Release|Any CPU
		{673D7817-2303-4A9C-8BBB-17561487AB89}.Release|Any CPU.Build.0 = Release|Any CPU
		{9CA9C6ED-6FC0-4CAB-ABA0-80FE6AAC279F}.Debug|Any CPU.ActiveCfg = Debug|Any CPU
		{9CA9C6ED-6FC0-4CAB-ABA0-80FE6AAC279F}.Debug|Any CPU.Build.0 = Debug|Any CPU
		{9CA9C6ED-6FC0-4CAB-ABA0-80FE6AAC279F}.Release|Any CPU.ActiveCfg = Release|Any CPU
		{9CA9C6ED-6FC0-4CAB-ABA0-80FE6AAC279F}.Release|Any CPU.Build.0 = Release|Any CPU
	EndGlobalSection
	GlobalSection(SolutionProperties) = preSolution
		HideSolutionNode = FALSE
	EndGlobalSection
	GlobalSection(ExtensibilityGlobals) = postSolution
		SolutionGuid = {672FA8F3-0D02-4741-AFFA-03504FA31E6F}
	EndGlobalSection
EndGlobal
